{
  "name": "pi-extension-statusline",
  "version": "1.0.0",
  "lockfileVersion": 3,
  "requires": true,
  "packages": {
    "": {
      "name": "pi-extension-statusline",
      "version": "1.0.0",
      "devDependencies": {
        "@earendil-works/pi-tui": "*"
      }
    },
    "node_modules/@earendil-works/pi-tui": {
      "version": "0.78.0",
      "resolved": "https://registry.npmjs.org/@earendil-works/pi-tui/-/pi-tui-0.78.0.tgz",
      "integrity": "sha512-3a705FnsVVUhAyceShNB3kS2rpxcxLcx+hqB0u6MMMpHwQGbW+m++MqA6r7eOzq/8FLx5e3vDh38h/SVTk2qzw==",
      "dev": true,
      "license": "MIT",
      "dependencies": {
        "get-east-asian-width": "1.6.0",
        "marked": "15.0.12"
      },
      "engines": {
        "node": ">=22.19.0"
      }
    },
    "node_modules/get-east-asian-width": {
      "version": "1.6.0",
      "resolved": "https://registry.npmjs.org/get-east-asian-width/-/get-east-asian-width-1.6.0.tgz",
      "integrity": "sha512-QRbvDIbx6YklUe6RxeTeleMR0yv3cYH6PsPZHcnVn7xv7zO1BHN8r0XETu8n6Ye3Q+ahtSarc3WgtNWmehIBfA==",
      "dev": true,
      "license": "MIT",
      "engines": {
        "node": ">=18"
      },
      "funding": {
        "url": "https://github.com/sponsors/sindresorhus"
      }
    },
    "node_modules/marked": {
      "version": "15.0.12",
      "resolved": "https://registry.npmjs.org/marked/-/marked-15.0.12.tgz",
      "integrity": "sha512-8dD6FusOQSrpv9Z1rdNMdlSgQOIP880DHqnohobOmYLElGEqAL/JvxvuxZO16r4HtjTlfPRDC1hbvxC9dPN2nA==",
      "dev": true,
      "license": "MIT",
      "bin": {
        "marked": "bin/marked.js"
      },
      "engines": {
        "node": ">= 18"
      }
    }
  }
}
